// !$*UTF8*$!
{
	archiveVersion = 1;
	classes = {
	};
	objectVersion = 56;
	objects = {

/* Begin PBXBuildFile section */
		7737BF092A8577820037AFE9 /* FeedViewController.swift in Sources */ = {isa = PBXBuildFile; fileRef = 7737BF082A8577820037AFE9 /* FeedViewController.swift */; };
		7737BF0B2A8577900037AFE9 /* UploadViewController.swift in Sources */ = {isa = PBXBuildFile; fileRef = 7737BF0A2A8577900037AFE9 /* UploadViewController.swift */; };
		7737BF0D2A85779E0037AFE9 /* SettingsViewController.swift in Sources */ = {isa = PBXBuildFile; fileRef = 7737BF0C2A85779E0037AFE9 /* SettingsViewController.swift */; };
		7757D9E32A82B44E00E3FE47 /* AppDelegate.swift in Sources */ = {isa = PBXBuildFile; fileRef = 7757D9E22A82B44E00E3FE47 /* AppDelegate.swift */; };
		7757D9E52A82B44E00E3FE47 /* SceneDelegate.swift in Sources */ = {isa = PBXBuildFile; fileRef = 7757D9E42A82B44E00E3FE47 /* SceneDelegate.swift */; };
		7757D9E72A82B44E00E3FE47 /* ViewController.swift in Sources */ = {isa = PBXBuildFile; fileRef = 7757D9E62A82B44E00E3FE47 /* ViewController.swift */; };
		7757D9EA2A82B44E00E3FE47 /* Main.storyboard in Resources */ = {isa = PBXBuildFile; fileRef = 7757D9E82A82B44E00E3FE47 /* Main.storyboard */; };
		7757D9EC2A82B44F00E3FE47 /* Assets.xcassets in Resources */ = {isa = PBXBuildFile; fileRef = 7757D9EB2A82B44F00E3FE47 /* Assets.xcassets */; };
		7757D9EF2A82B44F00E3FE47 /* LaunchScreen.storyboard in Resources */ = {isa = PBXBuildFile; fileRef = 7757D9ED2A82B44F00E3FE47 /* LaunchScreen.storyboard */; };
		7757D9F72A82B6A100E3FE47 /* GoogleService-Info.plist in Resources */ = {isa = PBXBuildFile; fileRef = 7757D9F62A82B6A100E3FE47 /* GoogleService-Info.plist */; };
		779CF8CF2A9B840F00028400 /* FeedCell.swift in Sources */ = {isa = PBXBuildFile; fileRef = 779CF8CE2A9B840F00028400 /* FeedCell.swift */; };
		8DA50F8B79802B94079F4231 /* Pods_InstaCloneFirebase.framework in Frameworks */ = {isa = PBXBuildFile; fileRef = A0FB95334EDFA419FC84F47E /* Pods_InstaCloneFirebase.framework */; };
/* End PBXBuildFile section */

/* Begin PBXFileReference section */
		0178F247BB74916818327979 /* Pods-InstaCloneFirebase.debug.xcconfig */ = {isa = PBXFileReference; includeInIndex = 1; lastKnownFileType = text.xcconfig; name = "Pods-InstaCloneFirebase.debug.xcconfig"; path = "Target Support Files/Pods-InstaCloneFirebase/Pods-InstaCloneFirebase.debug.xcconfig"; sourceTree = "<group>"; };
		7737BF082A8577820037AFE9 /* FeedViewController.swift */ = {isa = PBXFileReference; lastKnownFileType = sourcecode.swift; path = FeedViewController.swift; sourceTree = "<group>"; };
		7737BF0A2A8577900037AFE9 /* UploadViewController.swift */ = {isa = PBXFileReference; lastKnownFileType = sourcecode.swift; path = UploadViewController.swift; sourceTree = "<group>"; };
		7737BF0C2A85779E0037AFE9 /* SettingsViewController.swift */ = {isa = PBXFileReference; lastKnownFileType = sourcecode.swift; path = SettingsViewController.swift; sourceTree = "<group>"; };
		7757D9DF2A82B44E00E3FE47 /* InstaCloneFirebase.app */ = {isa = PBXFileReference; explicitFileType = wrapper.application; includeInIndex = 0; path = InstaCloneFirebase.app; sourceTree = BUILT_PRODUCTS_DIR; };
		7757D9E22A82B44E00E3FE47 /* AppDelegate.swift */ = {isa = PBXFileReference; lastKnownFileType = sourcecode.swift; path = AppDelegate.swift; sourceTree = "<group>"; };
		7757D9E42A82B44E00E3FE47 /* SceneDelegate.swift */ = {isa = PBXFileReference; lastKnownFileType = sourcecode.swift; path = SceneDelegate.swift; sourceTree = "<group>"; };
		7757D9E62A82B44E00E3FE47 /* ViewController.swift */ = {isa = PBXFileReference; lastKnownFileType = sourcecode.swift; path = ViewController.swift; sourceTree = "<group>"; };
		7757D9E92A82B44E00E3FE47 /* Base */ = {isa = PBXFileReference; lastKnownFileType = file.storyboard; name = Base; path = Base.lproj/Main.storyboard; sourceTree = "<group>"; };
		7757D9EB2A82B44F00E3FE47 /* Assets.xcassets */ = {isa = PBXFileReference; lastKnownFileType = folder.assetcatalog; path = Assets.xcassets; sourceTree = "<group>"; };
		7757D9EE2A82B44F00E3FE47 /* Base */ = {isa = PBXFileReference; lastKnownFileType = file.storyboard; name = Base; path = Base.lproj/LaunchScreen.storyboard; sourceTree = "<group>"; };
		7757D9F02A82B44F00E3FE47 /* Info.plist */ = {isa = PBXFileReference; lastKnownFileType = text.plist.xml; path = Info.plist; sourceTree = "<group>"; };
		7757D9F62A82B6A100E3FE47 /* GoogleService-Info.plist */ = {isa = PBXFileReference; fileEncoding = 4; lastKnownFileType = text.plist.xml; path = "GoogleService-Info.plist"; sourceTree = "<group>"; };
		779CF8CE2A9B840F00028400 /* FeedCell.swift */ = {isa = PBXFileReference; lastKnownFileType = sourcecode.swift; path = FeedCell.swift; sourceTree = "<group>"; };
		7C6DAA4A95A202FB75D063CA /* Pods-InstaCloneFirebase.release.xcconfig */ = {isa = PBXFileReference; includeInIndex = 1; lastKnownFileType = text.xcconfig; name = "Pods-InstaCloneFirebase.release.xcconfig"; path = "Target Support Files/Pods-InstaCloneFirebase/Pods-InstaCloneFirebase.release.xcconfig"; sourceTree = "<group>"; };
		A0FB95334EDFA419FC84F47E /* Pods_InstaCloneFirebase.framework */ = {isa = PBXFileReference; explicitFileType = wrapper.framework; includeInIndex = 0; path = Pods_InstaCloneFirebase.framework; sourceTree = BUILT_PRODUCTS_DIR; };
/* End PBXFileReference section */

/* Begin PBXFrameworksBuildPhase section */
		7757D9DC2A82B44E00E3FE47 /* Frameworks */ = {
			isa = PBXFrameworksBuildPhase;
			buildActionMask = 2147483647;
			files = (
				8DA50F8B79802B94079F4231 /* Pods_InstaCloneFirebase.framework in Frameworks */,
			);
			runOnlyForDeploymentPostprocessing = 0;
		};
/* End PBXFrameworksBuildPhase section */

/* Begin PBXGroup section */
		1D4FF02BAB77CC676BE87B0F /* Frameworks */ = {
			isa = PBXGroup;
			children = (
				A0FB95334EDFA419FC84F47E /* Pods_InstaCloneFirebase.framework */,
			);
			name = Frameworks;
			sourceTree = "<group>";
		};
		7757D9D62A82B44E00E3FE47 = {
			isa = PBXGroup;
			children = (
				7757D9E12A82B44E00E3FE47 /* InstaCloneFirebase */,
				7757D9E02A82B44E00E3FE47 /* Products */,
				D33AF44714DC7D3021391782 /* Pods */,
				1D4FF02BAB77CC676BE87B0F /* Frameworks */,
			);
			sourceTree = "<group>";
		};
		7757D9E02A82B44E00E3FE47 /* Products */ = {
			isa = PBXGroup;
			children = (
				7757D9DF2A82B44E00E3FE47 /* InstaCloneFirebase.app */,
			);
			name = Products;
			sourceTree = "<group>";
		};
		7757D9E12A82B44E00E3FE47 /* InstaCloneFirebase */ = {
			isa = PBXGroup;
			children = (
				7757D9E22A82B44E00E3FE47 /* AppDelegate.swift */,
				7757D9E42A82B44E00E3FE47 /* SceneDelegate.swift */,
				7757D9E62A82B44E00E3FE47 /* ViewController.swift */,
				7737BF082A8577820037AFE9 /* FeedViewController.swift */,
				7737BF0A2A8577900037AFE9 /* UploadViewController.swift */,
				7737BF0C2A85779E0037AFE9 /* SettingsViewController.swift */,
				779CF8CE2A9B840F00028400 /* FeedCell.swift */,
				7757D9E82A82B44E00E3FE47 /* Main.storyboard */,
				7757D9EB2A82B44F00E3FE47 /* Assets.xcassets */,
				7757D9ED2A82B44F00E3FE47 /* LaunchScreen.storyboard */,
				7757D9F02A82B44F00E3FE47 /* Info.plist */,
				7757D9F62A82B6A100E3FE47 /* GoogleService-Info.plist */,
			);
			path = InstaCloneFirebase;
			sourceTree = "<group>";
		};
		D33AF44714DC7D3021391782 /* Pods */ = {
			isa = PBXGroup;
			children = (
				0178F247BB74916818327979 /* Pods-InstaCloneFirebase.debug.xcconfig */,
				7C6DAA4A95A202FB75D063CA /* Pods-InstaCloneFirebase.release.xcconfig */,
			);
			path = Pods;
			sourceTree = "<group>";
		};
/* End PBXGroup section */

/* Begin PBXNativeTarget section */
		7757D9DE2A82B44E00E3FE47 /* InstaCloneFirebase */ = {
			isa = PBXNativeTarget;
			buildConfigurationList = 7757D9F32A82B44F00E3FE47 /* Build configuration list for PBXNativeTarget "InstaCloneFirebase" */;
			buildPhases = (
				2FA1408317DBA3F1D76F244B /* [CP] Check Pods Manifest.lock */,
				7757D9DB2A82B44E00E3FE47 /* Sources */,
				7757D9DC2A82B44E00E3FE47 /* Frameworks */,
				7757D9DD2A82B44E00E3FE47 /* Resources */,
				F614AD989112377BECAD0012 /* [CP] Embed Pods Frameworks */,
			);
			buildRules = (
			);
			dependencies = (
			);
			name = InstaCloneFirebase;
			productName = InstaCloneFirebase;
			productReference = 7757D9DF2A82B44E00E3FE47 /* InstaCloneFirebase.app */;
			productType = "com.apple.product-type.application";
		};
/* End PBXNativeTarget section */

/* Begin PBXProject section */
		7757D9D72A82B44E00E3FE47 /* Project object */ = {
			isa = PBXProject;
			attributes = {
				BuildIndependentTargetsInParallel = 1;
				LastSwiftUpdateCheck = 1430;
				LastUpgradeCheck = 1430;
				TargetAttributes = {
					7757D9DE2A82B44E00E3FE47 = {
						CreatedOnToolsVersion = 14.3.1;
					};
				};
			};
			buildConfigurationList = 7757D9DA2A82B44E00E3FE47 /* Build configuration list for PBXProject "InstaCloneFirebase" */;
			compatibilityVersion = "Xcode 14.0";
			developmentRegion = en;
			hasScannedForEncodings = 0;
			knownRegions = (
				en,
				Base,
			);
			mainGroup = 7757D9D62A82B44E00E3FE47;
			productRefGroup = 7757D9E02A82B44E00E3FE47 /* Products */;
			projectDirPath = "";
			projectRoot = "";
			targets = (
				7757D9DE2A82B44E00E3FE47 /* InstaCloneFirebase */,
			);
		};
/* End PBXProject section */

/* Begin PBXResourcesBuildPhase section */
		7757D9DD2A82B44E00E3FE47 /* Resources */ = {
			isa = PBXResourcesBuildPhase;
			buildActionMask = 2147483647;
			files = (
				7757D9EF2A82B44F00E3FE47 /* LaunchScreen.storyboard in Resources */,
				7757D9F72A82B6A100E3FE47 /* GoogleService-Info.plist in Resources */,
				7757D9EC2A82B44F00E3FE47 /* Assets.xcassets in Resources */,
				7757D9EA2A82B44E00E3FE47 /* Main.storyboard in Resources */,
			);
			runOnlyForDeploymentPostprocessing = 0;
		};
/* End PBXResourcesBuildPhase section */

/* Begin PBXShellScriptBuildPhase section */
		2FA1408317DBA3F1D76F244B /* [CP] Check Pods Manifest.lock */ = {
			isa = PBXShellScriptBuildPhase;
			buildActionMask = 2147483647;
			files = (
			);
			inputFileListPaths = (
			);
			inputPaths = (
				"${PODS_PODFILE_DIR_PATH}/Podfile.lock",
				"${PODS_ROOT}/Manifest.lock",
			);
			name = "[CP] Check Pods Manifest.lock";
			outputFileListPaths = (
			);
			outputPaths = (
				"$(DERIVED_FILE_DIR)/Pods-InstaCloneFirebase-checkManifestLockResult.txt",
			);
			runOnlyForDeploymentPostprocessing = 0;
			shellPath = /bin/sh;
			shellScript = "diff \"${PODS_PODFILE_DIR_PATH}/Podfile.lock\" \"${PODS_ROOT}/Manifest.lock\" > /dev/null\nif [ $? != 0 ] ; then\n    # print error to STDERR\n    echo \"error: The sandbox is not in sync with the Podfile.lock. Run 'pod install' or update your CocoaPods installation.\" >&2\n    exit 1\nfi\n# This output is used by Xcode 'outputs' to avoid re-running this script phase.\necho \"SUCCESS\" > \"${SCRIPT_OUTPUT_FILE_0}\"\n";
			showEnvVarsInLog = 0;
		};
		F614AD989112377BECAD0012 /* [CP] Embed Pods Frameworks */ = {
			isa = PBXShellScriptBuildPhase;
			buildActionMask = 2147483647;
			files = (
			);
			inputFileListPaths = (
				"${PODS_ROOT}/Target Support Files/Pods-InstaCloneFirebase/Pods-InstaCloneFirebase-frameworks-${CONFIGURATION}-input-files.xcfilelist",
			);
			name = "[CP] Embed Pods Frameworks";
			outputFileListPaths = (
				"${PODS_ROOT}/Target Support Files/Pods-InstaCloneFirebase/Pods-InstaCloneFirebase-frameworks-${CONFIGURATION}-output-files.xcfilelist",
			);
			runOnlyForDeploymentPostprocessing = 0;
			shellPath = /bin/sh;
			shellScript = "\"${PODS_ROOT}/Target Support Files/Pods-InstaCloneFirebase/Pods-InstaCloneFirebase-frameworks.sh\"\n";
			showEnvVarsInLog = 0;
		};
/* End PBXShellScriptBuildPhase section */

/* Begin PBXSourcesBuildPhase section */
		7757D9DB2A82B44E00E3FE47 /* Sources */ = {
			isa = PBXSourcesBuildPhase;
			buildActionMask = 2147483647;
			files = (
				779CF8CF2A9B840F00028400 /* FeedCell.swift in Sources */,
				7757D9E72A82B44E00E3FE47 /* ViewController.swift in Sources */,
				7737BF0B2A8577900037AFE9 /* UploadViewController.swift in Sources */,
				7757D9E32A82B44E00E3FE47 /* AppDelegate.swift in Sources */,
				7737BF092A8577820037AFE9 /* FeedViewController.swift in Sources */,
				7757D9E52A82B44E00E3FE47 /* SceneDelegate.swift in Sources */,
				7737BF0D2A85779E0037AFE9 /* SettingsViewController.swift in Sources */,
			);
			runOnlyForDeploymentPostprocessing = 0;
		};
/* End PBXSourcesBuildPhase section */

/* Begin PBXVariantGroup section */
		7757D9E82A82B44E00E3FE47 /* Main.storyboard */ = {
			isa = PBXVariantGroup;
			children = (
				7757D9E92A82B44E00E3FE47 /* Base */,
			);
			name = Main.storyboard;
			sourceTree = "<group>";
		};
		7757D9ED2A82B44F00E3FE47 /* LaunchScreen.storyboard */ = {
			isa = PBXVariantGroup;
			children = (
				7757D9EE2A82B44F00E3FE47 /* Base */,
			);
			name = LaunchScreen.storyboard;
			sourceTree = "<group>";
		};
/* End PBXVariantGroup section */

/* Begin XCBuildConfiguration section */
		7757D9F12A82B44F00E3FE47 /* Debug */ = {
			isa = XCBuildConfiguration;
			buildSettings = {
				ALWAYS_SEARCH_USER_PATHS = NO;
				CLANG_ANALYZER_NONNULL = YES;
				CLANG_ANALYZER_NUMBER_OBJECT_CONVERSION = YES_AGGRESSIVE;
				CLANG_CXX_LANGUAGE_STANDARD = "gnu++20";
				CLANG_ENABLE_MODULES = YES;
				CLANG_ENABLE_OBJC_ARC = YES;
				CLANG_ENABLE_OBJC_WEAK = YES;
				CLANG_WARN_BLOCK_CAPTURE_AUTORELEASING = YES;
				CLANG_WARN_BOOL_CONVERSION = YES;
				CLANG_WARN_COMMA = YES;
				CLANG_WARN_CONSTANT_CONVERSION = YES;
				CLANG_WARN_DEPRECATED_OBJC_IMPLEMENTATIONS = YES;
				CLANG_WARN_DIRECT_OBJC_ISA_USAGE = YES_ERROR;
				CLANG_WARN_DOCUMENTATION_COMMENTS = YES;
				CLANG_WARN_EMPTY_BODY = YES;
				CLANG_WARN_ENUM_CONVERSION = YES;
				CLANG_WARN_INFINITE_RECURSION = YES;
				CLANG_WARN_INT_CONVERSION = YES;
				CLANG_WARN_NON_LITERAL_NULL_CONVERSION = YES;
				CLANG_WARN_OBJC_IMPLICIT_RETAIN_SELF = YES;
				CLANG_WARN_OBJC_LITERAL_CONVERSION = YES;
				CLANG_WARN_OBJC_ROOT_CLASS = YES_ERROR;
				CLANG_WARN_QUOTED_INCLUDE_IN_FRAMEWORK_HEADER = YES;
				CLANG_WARN_RANGE_LOOP_ANALYSIS = YES;
				CLANG_WARN_STRICT_PROTOTYPES = YES;
				CLANG_WARN_SUSPICIOUS_MOVE = YES;
				CLANG_WARN_UNGUARDED_AVAILABILITY = YES_AGGRESSIVE;
				CLANG_WARN_UNREACHABLE_CODE = YES;
				CLANG_WARN__DUPLICATE_METHOD_MATCH = YES;
				COPY_PHASE_STRIP = NO;
				DEBUG_INFORMATION_FORMAT = dwarf;
				ENABLE_STRICT_OBJC_MSGSEND = YES;
				ENABLE_TESTABILITY = YES;
				GCC_C_LANGUAGE_STANDARD = gnu11;
				GCC_DYNAMIC_NO_PIC = NO;
				GCC_NO_COMMON_BLOCKS = YES;
				GCC_OPTIMIZATION_LEVEL = 0;
				GCC_PREPROCESSOR_DEFINITIONS = (
					"DEBUG=1",
					"$(inherited)",
				);
				GCC_WARN_64_TO_32_BIT_CONVERSION = YES;
				GCC_WARN_ABOUT_RETURN_TYPE = YES_ERROR;
				GCC_WARN_UNDECLARED_SELECTOR = YES;
				GCC_WARN_UNINITIALIZED_AUTOS = YES_AGGRESSIVE;
				GCC_WARN_UNUSED_FUNCTION = YES;
				GCC_WARN_UNUSED_VARIABLE = YES;
				IPHONEOS_DEPLOYMENT_TARGET = 16.4;
				MTL_ENABLE_DEBUG_INFO = INCLUDE_SOURCE;
				MTL_FAST_MATH = YES;
				ONLY_ACTIVE_ARCH = YES;
				SDKROOT = iphoneos;
				SWIFT_ACTIVE_COMPILATION_CONDITIONS = DEBUG;
				SWIFT_OPTIMIZATION_LEVEL = "-Onone";
			};
			name = Debug;
		};
		7757D9F22A82B44F00E3FE47 /* Release */ = {
			isa = XCBuildConfiguration;
			buildSettings = {
				ALWAYS_SEARCH_USER_PATHS = NO;
				CLANG_ANALYZER_NONNULL = YES;
				CLANG_ANALYZER_NUMBER_OBJECT_CONVERSION = YES_AGGRESSIVE;
				CLANG_CXX_LANGUAGE_STANDARD = "gnu++20";
				CLANG_ENABLE_MODULES = YES;
				CLANG_ENABLE_OBJC_ARC = YES;
				CLANG_ENABLE_OBJC_WEAK = YES;
				CLANG_WARN_BLOCK_CAPTURE_AUTORELEASING = YES;
				CLANG_WARN_BOOL_CONVERSION = YES;
				CLANG_WARN_COMMA = YES;
				CLANG_WARN_CONSTANT_CONVERSION = YES;
				CLANG_WARN_DEPRECATED_OBJC_IMPLEMENTATIONS = YES;
				CLANG_WARN_DIRECT_OBJC_ISA_USAGE = YES_ERROR;
				CLANG_WARN_DOCUMENTATION_COMMENTS = YES;
				CLANG_WARN_EMPTY_BODY = YES;
				CLANG_WARN_ENUM_CONVERSION = YES;
				CLANG_WARN_INFINITE_RECURSION = YES;
				CLANG_WARN_INT_CONVERSION = YES;
				CLANG_WARN_NON_LITERAL_NULL_CONVERSION = YES;
				CLANG_WARN_OBJC_IMPLICIT_RETAIN_SELF = YES;
				CLANG_WARN_OBJC_LITERAL_CONVERSION = YES;
				CLANG_WARN_OBJC_ROOT_CLASS = YES_ERROR;
				CLANG_WARN_QUOTED_INCLUDE_IN_FRAMEWORK_HEADER = YES;
				CLANG_WARN_RANGE_LOOP_ANALYSIS = YES;
				CLANG_WARN_STRICT_PROTOTYPES = YES;
				CLANG_WARN_SUSPICIOUS_MOVE = YES;
				CLANG_WARN_UNGUARDED_AVAILABILITY = YES_AGGRESSIVE;
				CLANG_WARN_UNREACHABLE_CODE = YES;
				CLANG_WARN__DUPLICATE_METHOD_MATCH = YES;
				COPY_PHASE_STRIP = NO;
				DEBUG_INFORMATION_FORMAT = "dwarf-with-dsym";
				ENABLE_NS_ASSERTIONS = NO;
				ENABLE_STRICT_OBJC_MSGSEND = YES;
				GCC_C_LANGUAGE_STANDARD = gnu11;
				GCC_NO_COMMON_BLOCKS = YES;
				GCC_WARN_64_TO_32_BIT_CONVERSION = YES;
				GCC_WARN_ABOUT_RETURN_TYPE = YES_ERROR;
				GCC_WARN_UNDECLARED_SELECTOR = YES;
				GCC_WARN_UNINITIALIZED_AUTOS = YES_AGGRESSIVE;
				GCC_WARN_UNUSED_FUNCTION = YES;
				GCC_WARN_UNUSED_VARIABLE = YES;
				IPHONEOS_DEPLOYMENT_TARGET = 16.4;
				MTL_ENABLE_DEBUG_INFO = NO;
				MTL_FAST_MATH = YES;
				SDKROOT = iphoneos;
				SWIFT_COMPILATION_MODE = wholemodule;
				SWIFT_OPTIMIZATION_LEVEL = "-O";
				VALIDATE_PRODUCT = YES;
			};
			name = Release;
		};
		7757D9F42A82B44F00E3FE47 /* Debug */ = {
			isa = XCBuildConfiguration;
			baseConfigurationReference = 0178F247BB74916818327979 /* Pods-InstaCloneFirebase.debug.xcconfig */;
			buildSettings = {
				ASSETCATALOG_COMPILER_APPICON_NAME = AppIcon;
				ASSETCATALOG_COMPILER_GLOBAL_ACCENT_COLOR_NAME = AccentColor;
				CODE_SIGN_STYLE = Automatic;
				CURRENT_PROJECT_VERSION = 1;
				DEVELOPMENT_TEAM = 24F98Z3S44;
				GENERATE_INFOPLIST_FILE = YES;
				INFOPLIST_FILE = InstaCloneFirebase/Info.plist;
				INFOPLIST_KEY_UIApplicationSupportsIndirectInputEvents = YES;
				INFOPLIST_KEY_UILaunchStoryboardName = LaunchScreen;
				INFOPLIST_KEY_UIMainStoryboardFile = Main;
				INFOPLIST_KEY_UISupportedInterfaceOrientations_iPad = "UIInterfaceOrientationPortrait UIInterfaceOrientationPortraitUpsideDown UIInterfaceOrientationLandscapeLeft UIInterfaceOrientationLandscapeRight";
				INFOPLIST_KEY_UISupportedInterfaceOrientations_iPhone = "UIInterfaceOrientationPortrait UIInterfaceOrientationLandscapeLeft UIInterfaceOrientationLandscapeRight";
				LD_RUNPATH_SEARCH_PATHS = (
					"$(inherited)",
					"@executable_path/Frameworks",
				);
				MARKETING_VERSION = 1.0;
				PRODUCT_BUNDLE_IDENTIFIER = com.onurcankurt.InstaCloneFirebase;
				PRODUCT_NAME = "$(TARGET_NAME)";
				SWIFT_EMIT_LOC_STRINGS = YES;
				SWIFT_VERSION = 5.0;
				TARGETED_DEVICE_FAMILY = "1,2";
			};
			name = Debug;
		};
		7757D9F52A82B44F00E3FE47 /* Release */ = {
			isa = XCBuildConfiguration;
			baseConfigurationReference = 7C6DAA4A95A202FB75D063CA /* Pods-InstaCloneFirebase.release.xcconfig */;
			buildSettings = {
				ASSETCATALOG_COMPILER_APPICON_NAME = AppIcon;
				ASSETCATALOG_COMPILER_GLOBAL_ACCENT_COLOR_NAME = AccentColor;
				CODE_SIGN_STYLE = Automatic;
				CURRENT_PROJECT_VERSION = 1;
				DEVELOPMENT_TEAM = 24F98Z3S44;
				GENERATE_INFOPLIST_FILE = YES;
				INFOPLIST_FILE = InstaCloneFirebase/Info.plist;
				INFOPLIST_KEY_UIApplicationSupportsIndirectInputEvents = YES;
				INFOPLIST_KEY_UILaunchStoryboardName = LaunchScreen;
				INFOPLIST_KEY_UIMainStoryboardFile = Main;
				INFOPLIST_KEY_UISupportedInterfaceOrientations_iPad = "UIInterfaceOrientationPortrait UIInterfaceOrientationPortraitUpsideDown UIInterfaceOrientationLandscapeLeft UIInterfaceOrientationLandscapeRight";
				INFOPLIST_KEY_UISupportedInterfaceOrientations_iPhone = "UIInterfaceOrientationPortrait UIInterfaceOrientationLandscapeLeft UIInterfaceOrientationLandscapeRight";
				LD_RUNPATH_SEARCH_PATHS = (
					"$(inherited)",
					"@executable_path/Frameworks",
				);
				MARKETING_VERSION = 1.0;
				PRODUCT_BUNDLE_IDENTIFIER = com.onurcankurt.InstaCloneFirebase;
				PRODUCT_NAME = "$(TARGET_NAME)";
				SWIFT_EMIT_LOC_STRINGS = YES;
				SWIFT_VERSION = 5.0;
				TARGETED_DEVICE_FAMILY = "1,2";
			};
			name = Release;
		};
/* End XCBuildConfiguration section */

/* Begin XCConfigurationList section */
		7757D9DA2A82B44E00E3FE47 /* Build configuration list for PBXProject "InstaCloneFirebase" */ = {
			isa = XCConfigurationList;
			buildConfigurations = (
				7757D9F12A82B44F00E3FE47 /* Debug */,
				7757D9F22A82B44F00E3FE47 /* Release */,
			);
			defaultConfigurationIsVisible = 0;
			defaultConfigurationName = Release;
		};
		7757D9F32A82B44F00E3FE47 /* Build configuration list for PBXNativeTarget "InstaCloneFirebase" */ = {
			isa = XCConfigurationList;
			buildConfigurations = (
				7757D9F42A82B44F00E3FE47 /* Debug */,
				7757D9F52A82B44F00E3FE47 /* Release */,
			);
			defaultConfigurationIsVisible = 0;
			defaultConfigurationName = Release;
		};
/* End XCConfigurationList section */
	};
	rootObject = 7757D9D72A82B44E00E3FE47 /* Project object */;
}
